
Microsoft Visual Studio Solution File, Format Version 12.00
# Visual Studio 15
VisualStudioVersion = 15.0.26124.0
MinimumVisualStudioVersion = 15.0.26124.0
Project("{9A19103F-16F7-4668-BE54-9A1E7A4F7556}") = "Ngs.Application", "Ngs.Application\Ngs.Application.csproj", "{E6A87091-F8B1-4E83-A650-89422EA39CC5}"
EndProject
Project("{9A19103F-16F7-4668-BE54-9A1E7A4F7556}") = "Ngs.Interop", "Ngs.Interop\Ngs.Interop.csproj", "{2A569CFF-AD0F-47BE-9004-BE34623F02E4}"
EndProject
Project("{9A19103F-16F7-4668-BE54-9A1E7A4F7556}") = "Ngs.Engine.Core", "Ngs.Engine.Core\Ngs.Engine.Core.csproj", "{C8059EE0-3813-4AFA-AF60-12F4A1BFF4E6}"
EndProject
Project("{9A19103F-16F7-4668-BE54-9A1E7A4F7556}") = "Ngs.RustInteropGen", "Ngs.RustInteropGen\Ngs.RustInteropGen.csproj", "{62DCB741-9DFA-4476-8DDE-C070F334D406}"
EndProject
Project("{9A19103F-16F7-4668-BE54-9A1E7A4F7556}") = "Ngs.Interop.Tests", "Ngs.Interop.Tests\Ngs.Interop.Tests.csproj", "{821D0D12-E801-4409-B243-320F87E77E2B}"
EndProject
Project("{9A19103F-16F7-4668-BE54-9A1E7A4F7556}") = "Ngs.Engine.Core.Tests", "Ngs.Engine.Core.Tests\Ngs.Engine.Core.Tests.csproj", "{FC9D3F80-8675-433D-A72B-02A8FD64382F}"
EndProject
Project("{9A19103F-16F7-4668-BE54-9A1E7A4F7556}") = "Ngs.Performance", "Ngs.Performance\Ngs.Performance.csproj", "{C9E1123E-C0B9-4A35-BD39-8F65552430DA}"
EndProject
Project("{9A19103F-16F7-4668-BE54-9A1E7A4F7556}") = "Ngs.Engine.Framework", "Ngs.Engine.Framework\Ngs.Engine.Framework.csproj", "{F7590508-1790-49C1-B785-74466AFE119B}"
EndProject
Project("{9A19103F-16F7-4668-BE54-9A1E7A4F7556}") = "Ngs.Editor", "Ngs.Editor\Ngs.Editor.csproj", "{0C88A17E-0B66-4124-987C-FEC7B852BBF0}"
EndProject
Project("{9A19103F-16F7-4668-BE54-9A1E7A4F7556}") = "Ngs.Engine.Framework.Tests", "Ngs.Engine.Framework.Tests\Ngs.Engine.Framework.Tests.csproj", "{2AA17E14-DCFA-4C08-8998-7EF92356FE88}"
EndProject
Project("{8BC9CEB8-8B4A-11D0-8D11-00A0C91BC942}") = "EngineCore", "EngineCore\EngineCore.vcxproj", "{D7EB9822-E57A-486B-8D3F-AA10F30095E7}"
EndProject
Global
	GlobalSection(SolutionConfigurationPlatforms) = preSolution
		Debug|Any CPU = Debug|Any CPU
		Debug|x64 = Debug|x64
		Debug|x86 = Debug|x86
		Release|Any CPU = Release|Any CPU
		Release|x64 = Release|x64
		Release|x86 = Release|x86
	EndGlobalSection
	GlobalSection(ProjectConfigurationPlatforms) = postSolution
		{E6A87091-F8B1-4E83-A650-89422EA39CC5}.Debug|Any CPU.ActiveCfg = Debug|Any CPU
		{E6A87091-F8B1-4E83-A650-89422EA39CC5}.Debug|Any CPU.Build.0 = Debug|Any CPU
		{E6A87091-F8B1-4E83-A650-89422EA39CC5}.Debug|x64.ActiveCfg = Debug|Any CPU
		{E6A87091-F8B1-4E83-A650-89422EA39CC5}.Debug|x64.Build.0 = Debug|Any CPU
		{E6A87091-F8B1-4E83-A650-89422EA39CC5}.Debug|x86.ActiveCfg = Debug|Any CPU
		{E6A87091-F8B1-4E83-A650-89422EA39CC5}.Debug|x86.Build.0 = Debug|Any CPU
		{E6A87091-F8B1-4E83-A650-89422EA39CC5}.Release|Any CPU.ActiveCfg = Release|Any CPU
		{E6A87091-F8B1-4E83-A650-89422EA39CC5}.Release|Any CPU.Build.0 = Release|Any CPU
		{E6A87091-F8B1-4E83-A650-89422EA39CC5}.Release|x64.ActiveCfg = Release|Any CPU
		{E6A87091-F8B1-4E83-A650-89422EA39CC5}.Release|x64.Build.0 = Release|Any CPU
		{E6A87091-F8B1-4E83-A650-89422EA39CC5}.Release|x86.ActiveCfg = Release|Any CPU
		{E6A87091-F8B1-4E83-A650-89422EA39CC5}.Release|x86.Build.0 = Release|Any CPU
		{2A569CFF-AD0F-47BE-9004-BE34623F02E4}.Debug|Any CPU.ActiveCfg = Debug|Any CPU
		{2A569CFF-AD0F-47BE-9004-BE34623F02E4}.Debug|Any CPU.Build.0 = Debug|Any CPU
		{2A569CFF-AD0F-47BE-9004-BE34623F02E4}.Debug|x64.ActiveCfg = Debug|Any CPU
		{2A569CFF-AD0F-47BE-9004-BE34623F02E4}.Debug|x64.Build.0 = Debug|Any CPU
		{2A569CFF-AD0F-47BE-9004-BE34623F02E4}.Debug|x86.ActiveCfg = Debug|Any CPU
		{2A569CFF-AD0F-47BE-9004-BE34623F02E4}.Debug|x86.Build.0 = Debug|Any CPU
		{2A569CFF-AD0F-47BE-9004-BE34623F02E4}.Release|Any CPU.ActiveCfg = Release|Any CPU
		{2A569CFF-AD0F-47BE-9004-BE34623F02E4}.Release|Any CPU.Build.0 = Release|Any CPU
		{2A569CFF-AD0F-47BE-9004-BE34623F02E4}.Release|x64.ActiveCfg = Release|Any CPU
		{2A569CFF-AD0F-47BE-9004-BE34623F02E4}.Release|x64.Build.0 = Release|Any CPU
		{2A569CFF-AD0F-47BE-9004-BE34623F02E4}.Release|x86.ActiveCfg = Release|Any CPU
		{2A569CFF-AD0F-47BE-9004-BE34623F02E4}.Release|x86.Build.0 = Release|Any CPU
		{C8059EE0-3813-4AFA-AF60-12F4A1BFF4E6}.Debug|Any CPU.ActiveCfg = Debug|Any CPU
		{C8059EE0-3813-4AFA-AF60-12F4A1BFF4E6}.Debug|Any CPU.Build.0 = Debug|Any CPU
		{C8059EE0-3813-4AFA-AF60-12F4A1BFF4E6}.Debug|x64.ActiveCfg = Debug|Any CPU
		{C8059EE0-3813-4AFA-AF60-12F4A1BFF4E6}.Debug|x64.Build.0 = Debug|Any CPU
		{C8059EE0-3813-4AFA-AF60-12F4A1BFF4E6}.Debug|x86.ActiveCfg = Debug|Any CPU
		{C8059EE0-3813-4AFA-AF60-12F4A1BFF4E6}.Debug|x86.Build.0 = Debug|Any CPU
		{C8059EE0-3813-4AFA-AF60-12F4A1BFF4E6}.Release|Any CPU.ActiveCfg = Release|Any CPU
		{C8059EE0-3813-4AFA-AF60-12F4A1BFF4E6}.Release|Any CPU.Build.0 = Release|Any CPU
		{C8059EE0-3813-4AFA-AF60-12F4A1BFF4E6}.Release|x64.ActiveCfg = Release|Any CPU
		{C8059EE0-3813-4AFA-AF60-12F4A1BFF4E6}.Release|x64.Build.0 = Release|Any CPU
		{C8059EE0-3813-4AFA-AF60-12F4A1BFF4E6}.Release|x86.ActiveCfg = Release|Any CPU
		{C8059EE0-3813-4AFA-AF60-12F4A1BFF4E6}.Release|x86.Build.0 = Release|Any CPU
		{62DCB741-9DFA-4476-8DDE-C070F334D406}.Debug|Any CPU.ActiveCfg = Debug|Any CPU
		{62DCB741-9DFA-4476-8DDE-C070F334D406}.Debug|Any CPU.Build.0 = Debug|Any CPU
		{62DCB741-9DFA-4476-8DDE-C070F334D406}.Debug|x64.ActiveCfg = Debug|Any CPU
		{62DCB741-9DFA-4476-8DDE-C070F334D406}.Debug|x64.Build.0 = Debug|Any CPU
		{62DCB741-9DFA-4476-8DDE-C070F334D406}.Debug|x86.ActiveCfg = Debug|Any CPU
		{62DCB741-9DFA-4476-8DDE-C070F334D406}.Debug|x86.Build.0 = Debug|Any CPU
		{62DCB741-9DFA-4476-8DDE-C070F334D406}.Release|Any CPU.ActiveCfg = Release|Any CPU
		{62DCB741-9DFA-4476-8DDE-C070F334D406}.Release|Any CPU.Build.0 = Release|Any CPU
		{62DCB741-9DFA-4476-8DDE-C070F334D406}.Release|x64.ActiveCfg = Release|Any CPU
		{62DCB741-9DFA-4476-8DDE-C070F334D406}.Release|x64.Build.0 = Release|Any CPU
		{62DCB741-9DFA-4476-8DDE-C070F334D406}.Release|x86.ActiveCfg = Release|Any CPU
		{62DCB741-9DFA-4476-8DDE-C070F334D406}.Release|x86.Build.0 = Release|Any CPU
		{821D0D12-E801-4409-B243-320F87E77E2B}.Debug|Any CPU.ActiveCfg = Debug|Any CPU
		{821D0D12-E801-4409-B243-320F87E77E2B}.Debug|Any CPU.Build.0 = Debug|Any CPU
		{821D0D12-E801-4409-B243-320F87E77E2B}.Debug|x64.ActiveCfg = Debug|Any CPU
		{821D0D12-E801-4409-B243-320F87E77E2B}.Debug|x64.Build.0 = Debug|Any CPU
		{821D0D12-E801-4409-B243-320F87E77E2B}.Debug|x86.ActiveCfg = Debug|Any CPU
		{821D0D12-E801-4409-B243-320F87E77E2B}.Debug|x86.Build.0 = Debug|Any CPU
		{821D0D12-E801-4409-B243-320F87E77E2B}.Release|Any CPU.ActiveCfg = Release|Any CPU
		{821D0D12-E801-4409-B243-320F87E77E2B}.Release|Any CPU.Build.0 = Release|Any CPU
		{821D0D12-E801-4409-B243-320F87E77E2B}.Release|x64.ActiveCfg = Release|Any CPU
		{821D0D12-E801-4409-B243-320F87E77E2B}.Release|x64.Build.0 = Release|Any CPU
		{821D0D12-E801-4409-B243-320F87E77E2B}.Release|x86.ActiveCfg = Release|Any CPU
		{821D0D12-E801-4409-B243-320F87E77E2B}.Release|x86.Build.0 = Release|Any CPU
		{FC9D3F80-8675-433D-A72B-02A8FD64382F}.Debug|Any CPU.ActiveCfg = Debug|Any CPU
		{FC9D3F80-8675-433D-A72B-02A8FD64382F}.Debug|Any CPU.Build.0 = Debug|Any CPU
		{FC9D3F80-8675-433D-A72B-02A8FD64382F}.Debug|x64.ActiveCfg = Debug|Any CPU
		{FC9D3F80-8675-433D-A72B-02A8FD64382F}.Debug|x64.Build.0 = Debug|Any CPU
		{FC9D3F80-8675-433D-A72B-02A8FD64382F}.Debug|x86.ActiveCfg = Debug|Any CPU
		{FC9D3F80-8675-433D-A72B-02A8FD64382F}.Debug|x86.Build.0 = Debug|Any CPU
		{FC9D3F80-8675-433D-A72B-02A8FD64382F}.Release|Any CPU.ActiveCfg = Release|Any CPU
		{FC9D3F80-8675-433D-A72B-02A8FD64382F}.Release|Any CPU.Build.0 = Release|Any CPU
		{FC9D3F80-8675-433D-A72B-02A8FD64382F}.Release|x64.ActiveCfg = Release|Any CPU
		{FC9D3F80-8675-433D-A72B-02A8FD64382F}.Release|x64.Build.0 = Release|Any CPU
		{FC9D3F80-8675-433D-A72B-02A8FD64382F}.Release|x86.ActiveCfg = Release|Any CPU
		{FC9D3F80-8675-433D-A72B-02A8FD64382F}.Release|x86.Build.0 = Release|Any CPU
		{C9E1123E-C0B9-4A35-BD39-8F65552430DA}.Debug|Any CPU.ActiveCfg = Debug|Any CPU
		{C9E1123E-C0B9-4A35-BD39-8F65552430DA}.Debug|Any CPU.Build.0 = Debug|Any CPU
		{C9E1123E-C0B9-4A35-BD39-8F65552430DA}.Debug|x64.ActiveCfg = Debug|Any CPU
		{C9E1123E-C0B9-4A35-BD39-8F65552430DA}.Debug|x64.Build.0 = Debug|Any CPU
		{C9E1123E-C0B9-4A35-BD39-8F65552430DA}.Debug|x86.ActiveCfg = Debug|Any CPU
		{C9E1123E-C0B9-4A35-BD39-8F65552430DA}.Debug|x86.Build.0 = Debug|Any CPU
		{C9E1123E-C0B9-4A35-BD39-8F65552430DA}.Release|Any CPU.ActiveCfg = Release|Any CPU
		{C9E1123E-C0B9-4A35-BD39-8F65552430DA}.Release|Any CPU.Build.0 = Release|Any CPU
		{C9E1123E-C0B9-4A35-BD39-8F65552430DA}.Release|x64.ActiveCfg = Release|Any CPU
		{C9E1123E-C0B9-4A35-BD39-8F65552430DA}.Release|x64.Build.0 = Release|Any CPU
		{C9E1123E-C0B9-4A35-BD39-8F65552430DA}.Release|x86.ActiveCfg = Release|Any CPU
		{C9E1123E-C0B9-4A35-BD39-8F65552430DA}.Release|x86.Build.0 = Release|Any CPU
		{F7590508-1790-49C1-B785-74466AFE119B}.Debug|Any CPU.ActiveCfg = Debug|Any CPU
		{F7590508-1790-49C1-B785-74466AFE119B}.Debug|Any CPU.Build.0 = Debug|Any CPU
		{F7590508-1790-49C1-B785-74466AFE119B}.Debug|x64.ActiveCfg = Debug|Any CPU
		{F7590508-1790-49C1-B785-74466AFE119B}.Debug|x64.Build.0 = Debug|Any CPU
		{F7590508-1790-49C1-B785-74466AFE119B}.Debug|x86.ActiveCfg = Debug|Any CPU
		{F7590508-1790-49C1-B785-74466AFE119B}.Debug|x86.Build.0 = Debug|Any CPU
		{F7590508-1790-49C1-B785-74466AFE119B}.Release|Any CPU.ActiveCfg = Release|Any CPU
		{F7590508-1790-49C1-B785-74466AFE119B}.Release|Any CPU.Build.0 = Release|Any CPU
		{F7590508-1790-49C1-B785-74466AFE119B}.Release|x64.ActiveCfg = Release|Any CPU
		{F7590508-1790-49C1-B785-74466AFE119B}.Release|x64.Build.0 = Release|Any CPU
		{F7590508-1790-49C1-B785-74466AFE119B}.Release|x86.ActiveCfg = Release|Any CPU
		{F7590508-1790-49C1-B785-74466AFE119B}.Release|x86.Build.0 = Release|Any CPU
		{0C88A17E-0B66-4124-987C-FEC7B852BBF0}.Debug|Any CPU.ActiveCfg = Debug|Any CPU
		{0C88A17E-0B66-4124-987C-FEC7B852BBF0}.Debug|Any CPU.Build.0 = Debug|Any CPU
		{0C88A17E-0B66-4124-987C-FEC7B852BBF0}.Debug|x64.ActiveCfg = Debug|Any CPU
		{0C88A17E-0B66-4124-987C-FEC7B852BBF0}.Debug|x64.Build.0 = Debug|Any CPU
		{0C88A17E-0B66-4124-987C-FEC7B852BBF0}.Debug|x86.ActiveCfg = Debug|Any CPU
		{0C88A17E-0B66-4124-987C-FEC7B852BBF0}.Debug|x86.Build.0 = Debug|Any CPU
		{0C88A17E-0B66-4124-987C-FEC7B852BBF0}.Release|Any CPU.ActiveCfg = Release|Any CPU
		{0C88A17E-0B66-4124-987C-FEC7B852BBF0}.Release|Any CPU.Build.0 = Release|Any CPU
		{0C88A17E-0B66-4124-987C-FEC7B852BBF0}.Release|x64.ActiveCfg = Release|Any CPU
		{0C88A17E-0B66-4124-987C-FEC7B852BBF0}.Release|x64.Build.0 = Release|Any CPU
		{0C88A17E-0B66-4124-987C-FEC7B852BBF0}.Release|x86.ActiveCfg = Release|Any CPU
		{0C88A17E-0B66-4124-987C-FEC7B852BBF0}.Release|x86.Build.0 = Release|Any CPU
		{2AA17E14-DCFA-4C08-8998-7EF92356FE88}.Debug|Any CPU.ActiveCfg = Debug|Any CPU
		{2AA17E14-DCFA-4C08-8998-7EF92356FE88}.Debug|Any CPU.Build.0 = Debug|Any CPU
		{2AA17E14-DCFA-4C08-8998-7EF92356FE88}.Debug|x64.ActiveCfg = Debug|Any CPU
		{2AA17E14-DCFA-4C08-8998-7EF92356FE88}.Debug|x64.Build.0 = Debug|Any CPU
		{2AA17E14-DCFA-4C08-8998-7EF92356FE88}.Debug|x86.ActiveCfg = Debug|Any CPU
		{2AA17E14-DCFA-4C08-8998-7EF92356FE88}.Debug|x86.Build.0 = Debug|Any CPU
		{2AA17E14-DCFA-4C08-8998-7EF92356FE88}.Release|Any CPU.ActiveCfg = Release|Any CPU
		{2AA17E14-DCFA-4C08-8998-7EF92356FE88}.Release|Any CPU.Build.0 = Release|Any CPU
		{2AA17E14-DCFA-4C08-8998-7EF92356FE88}.Release|x64.ActiveCfg = Release|Any CPU
		{2AA17E14-DCFA-4C08-8998-7EF92356FE88}.Release|x64.Build.0 = Release|Any CPU
		{2AA17E14-DCFA-4C08-8998-7EF92356FE88}.Release|x86.ActiveCfg = Release|Any CPU
		{2AA17E14-DCFA-4C08-8998-7EF92356FE88}.Release|x86.Build.0 = Release|Any CPU
		{D7EB9822-E57A-486B-8D3F-AA10F30095E7}.Debug|Any CPU.ActiveCfg = Debug|x64
		{D7EB9822-E57A-486B-8D3F-AA10F30095E7}.Debug|x64.ActiveCfg = Debug|x64
		{D7EB9822-E57A-486B-8D3F-AA10F30095E7}.Debug|x64.Build.0 = Debug|x64
		{D7EB9822-E57A-486B-8D3F-AA10F30095E7}.Debug|x86.ActiveCfg = Debug|x64
		{D7EB9822-E57A-486B-8D3F-AA10F30095E7}.Release|Any CPU.ActiveCfg = Release|x64
		{D7EB9822-E57A-486B-8D3F-AA10F30095E7}.Release|x64.ActiveCfg = Release|x64
		{D7EB9822-E57A-486B-8D3F-AA10F30095E7}.Release|x64.Build.0 = Release|x64
		{D7EB9822-E57A-486B-8D3F-AA10F30095E7}.Release|x86.ActiveCfg = Release|x64
	EndGlobalSection
	GlobalSection(SolutionProperties) = preSolution
		HideSolutionNode = FALSE
	EndGlobalSection
	GlobalSection(ExtensibilityGlobals) = postSolution
		SolutionGuid = {BEA0EF87-D409-4B21-9EB3-072AE4D6079B}
	EndGlobalSection
EndGlobal
